Microsoft Visual Studio Solution File, Format Version 12.00
# Visual Studio Version 17
VisualStudioVersion = 17.5.2.0
MinimumVisualStudioVersion = 10.0.40219.1
Project("{FAE04EC0-301F-11D3-BF4B-00C04F79EFBC}") = "CalculadoraGPA", "CalculadoraGPA.csproj", "{8D8508CC-3350-B161-995C-6503DF7BD28E}"
EndProject
Global
	GlobalSection(SolutionConfigurationPlatforms) = preSolution
		Debug|Any CPU = Debug|Any CPU
		Release|Any CPU = Release|Any CPU
	EndGlobalSection
	GlobalSection(ProjectConfigurationPlatforms) = postSolution
		{8D8508CC-3350-B161-995C-6503DF7BD28E}.Debug|Any CPU.ActiveCfg = Debug|Any CPU
		{8D8508CC-3350-B161-995C-6503DF7BD28E}.Debug|Any CPU.Build.0 = Debug|Any CPU
		{8D8508CC-3350-B161-995C-6503DF7BD28E}.Release|Any CPU.ActiveCfg = Release|Any CPU
		{8D8508CC-3350-B161-995C-6503DF7BD28E}.Release|Any CPU.Build.0 = Release|Any CPU
	EndGlobalSection
	GlobalSection(SolutionProperties) = preSolution
		HideSolutionNode = FALSE
	EndGlobalSection
	GlobalSection(ExtensibilityGlobals) = postSolution
		SolutionGuid = {A765937E-B099-4756-91CB-0F77A239555D}
	EndGlobalSection
EndGlobal
